
Microsoft Visual Studio Solution File, Format Version 12.00
# Visual Studio 15
VisualStudioVersion = 15.0.28307.1684
MinimumVisualStudioVersion = 10.0.40219.1
Project("{FAE04EC0-301F-11D3-BF4B-00C04F79EFBC}") = "test2grupa", "test2grupa\test2grupa.csproj", "{D3A0006F-037E-47BC-AD17-5A94CF8747ED}"
EndProject
Global
	GlobalSection(SolutionConfigurationPlatforms) = preSolution
		Debug|Any CPU = Debug|Any CPU
		Release|Any CPU = Release|Any CPU
	EndGlobalSection
	GlobalSection(ProjectConfigurationPlatforms) = postSolution
		{D3A0006F-037E-47BC-AD17-5A94CF8747ED}.Debug|Any CPU.ActiveCfg = Debug|Any CPU
		{D3A0006F-037E-47BC-AD17-5A94CF8747ED}.Debug|Any CPU.Build.0 = Debug|Any CPU
		{D3A0006F-037E-47BC-AD17-5A94CF8747ED}.Release|Any CPU.ActiveCfg = Release|Any CPU
		{D3A0006F-037E-47BC-AD17-5A94CF8747ED}.Release|Any CPU.Build.0 = Release|Any CPU
	EndGlobalSection
	GlobalSection(SolutionProperties) = preSolution
		HideSolutionNode = FALSE
	EndGlobalSection
	GlobalSection(ExtensibilityGlobals) = postSolution
		SolutionGuid = {1983BAAE-84E8-415A-B631-395835040A40}
	EndGlobalSection
EndGlobal
