
Microsoft Visual Studio Solution File, Format Version 12.00
# Visual Studio 15
VisualStudioVersion = 15.0.28307.1684
MinimumVisualStudioVersion = 10.0.40219.1
Project("{FAE04EC0-301F-11D3-BF4B-00C04F79EFBC}") = "Kontrolni", "Kontrolni\Kontrolni.csproj", "{FBE60BCB-31E9-4EDF-8AC8-B64ED21BD366}"
EndProject
Global
	GlobalSection(SolutionConfigurationPlatforms) = preSolution
		Debug|Any CPU = Debug|Any CPU
		Release|Any CPU = Release|Any CPU
	EndGlobalSection
	GlobalSection(ProjectConfigurationPlatforms) = postSolution
		{FBE60BCB-31E9-4EDF-8AC8-B64ED21BD366}.Debug|Any CPU.ActiveCfg = Debug|Any CPU
		{FBE60BCB-31E9-4EDF-8AC8-B64ED21BD366}.Debug|Any CPU.Build.0 = Debug|Any CPU
		{FBE60BCB-31E9-4EDF-8AC8-B64ED21BD366}.Release|Any CPU.ActiveCfg = Release|Any CPU
		{FBE60BCB-31E9-4EDF-8AC8-B64ED21BD366}.Release|Any CPU.Build.0 = Release|Any CPU
	EndGlobalSection
	GlobalSection(SolutionProperties) = preSolution
		HideSolutionNode = FALSE
	EndGlobalSection
	GlobalSection(ExtensibilityGlobals) = postSolution
		SolutionGuid = {208F2706-5025-4663-A35D-715BBDB24B19}
	EndGlobalSection
EndGlobal
