
Microsoft Visual Studio Solution File, Format Version 12.00
# Visual Studio 15
VisualStudioVersion = 15.0.28307.1684
MinimumVisualStudioVersion = 10.0.40219.1
Project("{FAE04EC0-301F-11D3-BF4B-00C04F79EFBC}") = "val2", "val2\val2.csproj", "{7388EC9A-5291-4ADC-8038-4DF05963ADB9}"
EndProject
Project("{FAE04EC0-301F-11D3-BF4B-00C04F79EFBC}") = "valid2", "valid2\valid2.csproj", "{29BDFB10-2B74-4A7F-93A9-F869DBC78B04}"
EndProject
Global
	GlobalSection(SolutionConfigurationPlatforms) = preSolution
		Debug|Any CPU = Debug|Any CPU
		Release|Any CPU = Release|Any CPU
	EndGlobalSection
	GlobalSection(ProjectConfigurationPlatforms) = postSolution
		{7388EC9A-5291-4ADC-8038-4DF05963ADB9}.Debug|Any CPU.ActiveCfg = Debug|Any CPU
		{7388EC9A-5291-4ADC-8038-4DF05963ADB9}.Debug|Any CPU.Build.0 = Debug|Any CPU
		{7388EC9A-5291-4ADC-8038-4DF05963ADB9}.Release|Any CPU.ActiveCfg = Release|Any CPU
		{7388EC9A-5291-4ADC-8038-4DF05963ADB9}.Release|Any CPU.Build.0 = Release|Any CPU
		{29BDFB10-2B74-4A7F-93A9-F869DBC78B04}.Debug|Any CPU.ActiveCfg = Debug|Any CPU
		{29BDFB10-2B74-4A7F-93A9-F869DBC78B04}.Debug|Any CPU.Build.0 = Debug|Any CPU
		{29BDFB10-2B74-4A7F-93A9-F869DBC78B04}.Release|Any CPU.ActiveCfg = Release|Any CPU
		{29BDFB10-2B74-4A7F-93A9-F869DBC78B04}.Release|Any CPU.Build.0 = Release|Any CPU
	EndGlobalSection
	GlobalSection(SolutionProperties) = preSolution
		HideSolutionNode = FALSE
	EndGlobalSection
	GlobalSection(ExtensibilityGlobals) = postSolution
		SolutionGuid = {564D6B8C-81D9-4F6E-AF53-D0E2C601F52D}
	EndGlobalSection
EndGlobal
