
Microsoft Visual Studio Solution File, Format Version 12.00
# Visual Studio 15
VisualStudioVersion = 15.0.28307.1684
MinimumVisualStudioVersion = 10.0.40219.1
Project("{FAE04EC0-301F-11D3-BF4B-00C04F79EFBC}") = "validacija1g2811", "validacija1g2811\validacija1g2811.csproj", "{15B5E161-B6FD-4B28-BB58-FF8B6CCFD502}"
EndProject
Global
	GlobalSection(SolutionConfigurationPlatforms) = preSolution
		Debug|Any CPU = Debug|Any CPU
		Release|Any CPU = Release|Any CPU
	EndGlobalSection
	GlobalSection(ProjectConfigurationPlatforms) = postSolution
		{15B5E161-B6FD-4B28-BB58-FF8B6CCFD502}.Debug|Any CPU.ActiveCfg = Debug|Any CPU
		{15B5E161-B6FD-4B28-BB58-FF8B6CCFD502}.Debug|Any CPU.Build.0 = Debug|Any CPU
		{15B5E161-B6FD-4B28-BB58-FF8B6CCFD502}.Release|Any CPU.ActiveCfg = Release|Any CPU
		{15B5E161-B6FD-4B28-BB58-FF8B6CCFD502}.Release|Any CPU.Build.0 = Release|Any CPU
	EndGlobalSection
	GlobalSection(SolutionProperties) = preSolution
		HideSolutionNode = FALSE
	EndGlobalSection
	GlobalSection(ExtensibilityGlobals) = postSolution
		SolutionGuid = {8E975A62-6985-41D0-A906-8FF189D02CCE}
	EndGlobalSection
EndGlobal
