
Microsoft Visual Studio Solution File, Format Version 12.00
# Visual Studio 15
VisualStudioVersion = 15.0.28307.1684
MinimumVisualStudioVersion = 10.0.40219.1
Project("{FAE04EC0-301F-11D3-BF4B-00C04F79EFBC}") = "povez", "povez\povez.csproj", "{B78A6BCA-7CF9-4270-89C1-0E9AD986EBC7}"
EndProject
Global
	GlobalSection(SolutionConfigurationPlatforms) = preSolution
		Debug|Any CPU = Debug|Any CPU
		Release|Any CPU = Release|Any CPU
	EndGlobalSection
	GlobalSection(ProjectConfigurationPlatforms) = postSolution
		{B78A6BCA-7CF9-4270-89C1-0E9AD986EBC7}.Debug|Any CPU.ActiveCfg = Debug|Any CPU
		{B78A6BCA-7CF9-4270-89C1-0E9AD986EBC7}.Debug|Any CPU.Build.0 = Debug|Any CPU
		{B78A6BCA-7CF9-4270-89C1-0E9AD986EBC7}.Release|Any CPU.ActiveCfg = Release|Any CPU
		{B78A6BCA-7CF9-4270-89C1-0E9AD986EBC7}.Release|Any CPU.Build.0 = Release|Any CPU
	EndGlobalSection
	GlobalSection(SolutionProperties) = preSolution
		HideSolutionNode = FALSE
	EndGlobalSection
	GlobalSection(ExtensibilityGlobals) = postSolution
		SolutionGuid = {1F0BD08C-8136-4870-AC59-3D484814F596}
	EndGlobalSection
EndGlobal
